{
  "projects": [
    {
      "projectId": "tvwynAfQ8HvxBn14Wy9CDp",
      "version": "latest",
      "dependencies": {},
      "lang": "ts",
      "fileLocks": [
        {
          "type": "globalVariant",
          "assetId": "uarjUj0rGmN_",
          "checksum": "c1b64cbd44495851d5b375f6b454f55b"
        },
        {
          "type": "renderModule",
          "assetId": "fToXGLxWr8Wk",
          "checksum": "89245b4f771a1a5ecb2baba72b1644f8"
        },
        {
          "type": "cssRules",
          "assetId": "fToXGLxWr8Wk",
          "checksum": "89245b4f771a1a5ecb2baba72b1644f8"
        },
        {
          "type": "icon",
          "assetId": "MLdecHJ30CPP",
          "checksum": "b553694a67cdf8f7e8e8f511a425c339"
        },
        {
          "type": "image",
          "assetId": "EbWUS1UqfGaK",
          "checksum": "40f6f493aba5edfc42dc26e6ecacc5cb"
        },
        {
          "type": "image",
          "assetId": "m2-CJBJEoWO_",
          "checksum": "2bd4898fa864da378bb098016a5c0ef8"
        },
        {
          "type": "image",
          "assetId": "SNVAoERPRCP4",
          "checksum": "5911818319bc4ddfe46a9b07de579c95"
        },
        {
          "type": "image",
          "assetId": "pune4j_LAsR8",
          "checksum": "e53d9ccdfcdbb99fe275e79890d81672"
        },
        {
          "type": "image",
          "assetId": "6k2pBEZym2P4",
          "checksum": "1fa0424bd6b7f442c0a6ac2885487395"
        },
        {
          "type": "image",
          "assetId": "FlC-K5jz-z3U",
          "checksum": "231998b5a593ea706b60e536c6c3d4ff"
        },
        {
          "assetId": "tvwynAfQ8HvxBn14Wy9CDp",
          "type": "projectCss",
          "checksum": "035e9a15b19b6a758ac17caf60a27173"
        },
        {
          "type": "image",
          "assetId": "57tbnkUxWw7W",
          "checksum": "ce8f9f6c58aaaa9bc295680483df73a5"
        },
        {
          "type": "image",
          "assetId": "Wpvz56-nCulp",
          "checksum": "51624af8817d0c51f8b9430a49661b91"
        }
      ],
      "codegenVersion": "0.0.1"
    }
  ],
  "cliVersion": "0.1.327"
}
